
Microsoft Visual Studio Solution File, Format Version 12.00
# Visual Studio Version 17
VisualStudioVersion = 17.4.33205.214
MinimumVisualStudioVersion = 10.0.40219.1
Project("{FAE04EC0-301F-11D3-BF4B-00C04F79EFBC}") = "WPF", "Assignment4\WPF.csproj", "{1D3134FC-DE56-4F03-94C4-3D29DAEF3A54}"
EndProject
Project("{FAE04EC0-301F-11D3-BF4B-00C04F79EFBC}") = "Console", "Console\Console.csproj", "{42054A59-E4C7-48E5-84EE-FF7C1012D4DC}"
EndProject
Global
	GlobalSection(SolutionConfigurationPlatforms) = preSolution
		Debug|Any CPU = Debug|Any CPU
		Release|Any CPU = Release|Any CPU
	EndGlobalSection
	GlobalSection(ProjectConfigurationPlatforms) = postSolution
		{1D3134FC-DE56-4F03-94C4-3D29DAEF3A54}.Debug|Any CPU.ActiveCfg = Debug|Any CPU
		{1D3134FC-DE56-4F03-94C4-3D29DAEF3A54}.Debug|Any CPU.Build.0 = Debug|Any CPU
		{1D3134FC-DE56-4F03-94C4-3D29DAEF3A54}.Release|Any CPU.ActiveCfg = Release|Any CPU
		{1D3134FC-DE56-4F03-94C4-3D29DAEF3A54}.Release|Any CPU.Build.0 = Release|Any CPU
		{42054A59-E4C7-48E5-84EE-FF7C1012D4DC}.Debug|Any CPU.ActiveCfg = Debug|Any CPU
		{42054A59-E4C7-48E5-84EE-FF7C1012D4DC}.Debug|Any CPU.Build.0 = Debug|Any CPU
		{42054A59-E4C7-48E5-84EE-FF7C1012D4DC}.Release|Any CPU.ActiveCfg = Release|Any CPU
		{42054A59-E4C7-48E5-84EE-FF7C1012D4DC}.Release|Any CPU.Build.0 = Release|Any CPU
	EndGlobalSection
	GlobalSection(SolutionProperties) = preSolution
		HideSolutionNode = FALSE
	EndGlobalSection
	GlobalSection(ExtensibilityGlobals) = postSolution
		SolutionGuid = {52AA6ABB-A7D7-45C3-871F-A4727937B8F5}
	EndGlobalSection
EndGlobal
